
Microsoft Visual Studio Solution File, Format Version 12.00
# Visual Studio Version 17
VisualStudioVersion = 17.5.2.0
MinimumVisualStudioVersion = 10.0.40219.1
Project("{2150E333-8FDC-42A3-9474-1A3956D46DE8}") = "src", "src", "{827E0CD3-B72D-47B6-A68D-7590B98EB39B}"
EndProject
Project("{FAE04EC0-301F-11D3-BF4B-00C04F79EFBC}") = "app", "src\app\app.csproj", "{822973F2-7138-B717-465B-BCE1756D40F4}"
EndProject
Project("{FAE04EC0-301F-11D3-BF4B-00C04F79EFBC}") = "net9app", "src\net9app\net9app.csproj", "{20A5A007-1DB9-4725-8FF9-63B973F9CD05}"
EndProject
Project("{FAE04EC0-301F-11D3-BF4B-00C04F79EFBC}") = "efcoreddd", "src\efcoreddd\efcoreddd.csproj", "{8D7838D7-5D40-4F84-87F6-C0DEADD2CF0D}"
EndProject
Project("{FAE04EC0-301F-11D3-BF4B-00C04F79EFBC}") = "efcoreddd.unittests", "src\efcoreddd.unittests\efcoreddd.unittests.csproj", "{F9AEE9CC-570A-43C5-88B7-806A354140BF}"
EndProject
Project("{FAE04EC0-301F-11D3-BF4B-00C04F79EFBC}") = "efcoreddd.IntegrationTests", "src\efcoreddd.IntegrationTests\efcoreddd.IntegrationTests.csproj", "{27F80284-C1DE-4A54-931C-081F94F57D55}"
EndProject
Global
	GlobalSection(SolutionConfigurationPlatforms) = preSolution
		Debug|Any CPU = Debug|Any CPU
		Debug|x64 = Debug|x64
		Debug|x86 = Debug|x86
		Release|Any CPU = Release|Any CPU
		Release|x64 = Release|x64
		Release|x86 = Release|x86
	EndGlobalSection
	GlobalSection(ProjectConfigurationPlatforms) = postSolution
		{822973F2-7138-B717-465B-BCE1756D40F4}.Debug|Any CPU.ActiveCfg = Debug|Any CPU
		{822973F2-7138-B717-465B-BCE1756D40F4}.Debug|Any CPU.Build.0 = Debug|Any CPU
		{822973F2-7138-B717-465B-BCE1756D40F4}.Debug|x64.ActiveCfg = Debug|Any CPU
		{822973F2-7138-B717-465B-BCE1756D40F4}.Debug|x64.Build.0 = Debug|Any CPU
		{822973F2-7138-B717-465B-BCE1756D40F4}.Debug|x86.ActiveCfg = Debug|Any CPU
		{822973F2-7138-B717-465B-BCE1756D40F4}.Debug|x86.Build.0 = Debug|Any CPU
		{822973F2-7138-B717-465B-BCE1756D40F4}.Release|Any CPU.ActiveCfg = Release|Any CPU
		{822973F2-7138-B717-465B-BCE1756D40F4}.Release|Any CPU.Build.0 = Release|Any CPU
		{822973F2-7138-B717-465B-BCE1756D40F4}.Release|x64.ActiveCfg = Release|Any CPU
		{822973F2-7138-B717-465B-BCE1756D40F4}.Release|x64.Build.0 = Release|Any CPU
		{822973F2-7138-B717-465B-BCE1756D40F4}.Release|x86.ActiveCfg = Release|Any CPU
		{822973F2-7138-B717-465B-BCE1756D40F4}.Release|x86.Build.0 = Release|Any CPU
		{20A5A007-1DB9-4725-8FF9-63B973F9CD05}.Debug|Any CPU.ActiveCfg = Debug|Any CPU
		{20A5A007-1DB9-4725-8FF9-63B973F9CD05}.Debug|Any CPU.Build.0 = Debug|Any CPU
		{20A5A007-1DB9-4725-8FF9-63B973F9CD05}.Debug|x64.ActiveCfg = Debug|Any CPU
		{20A5A007-1DB9-4725-8FF9-63B973F9CD05}.Debug|x64.Build.0 = Debug|Any CPU
		{20A5A007-1DB9-4725-8FF9-63B973F9CD05}.Debug|x86.ActiveCfg = Debug|Any CPU
		{20A5A007-1DB9-4725-8FF9-63B973F9CD05}.Debug|x86.Build.0 = Debug|Any CPU
		{20A5A007-1DB9-4725-8FF9-63B973F9CD05}.Release|Any CPU.ActiveCfg = Release|Any CPU
		{20A5A007-1DB9-4725-8FF9-63B973F9CD05}.Release|Any CPU.Build.0 = Release|Any CPU
		{20A5A007-1DB9-4725-8FF9-63B973F9CD05}.Release|x64.ActiveCfg = Release|Any CPU
		{20A5A007-1DB9-4725-8FF9-63B973F9CD05}.Release|x64.Build.0 = Release|Any CPU
		{20A5A007-1DB9-4725-8FF9-63B973F9CD05}.Release|x86.ActiveCfg = Release|Any CPU
		{20A5A007-1DB9-4725-8FF9-63B973F9CD05}.Release|x86.Build.0 = Release|Any CPU
		{8D7838D7-5D40-4F84-87F6-C0DEADD2CF0D}.Debug|Any CPU.ActiveCfg = Debug|Any CPU
		{8D7838D7-5D40-4F84-87F6-C0DEADD2CF0D}.Debug|Any CPU.Build.0 = Debug|Any CPU
		{8D7838D7-5D40-4F84-87F6-C0DEADD2CF0D}.Debug|x64.ActiveCfg = Debug|Any CPU
		{8D7838D7-5D40-4F84-87F6-C0DEADD2CF0D}.Debug|x64.Build.0 = Debug|Any CPU
		{8D7838D7-5D40-4F84-87F6-C0DEADD2CF0D}.Debug|x86.ActiveCfg = Debug|Any CPU
		{8D7838D7-5D40-4F84-87F6-C0DEADD2CF0D}.Debug|x86.Build.0 = Debug|Any CPU
		{8D7838D7-5D40-4F84-87F6-C0DEADD2CF0D}.Release|Any CPU.ActiveCfg = Release|Any CPU
		{8D7838D7-5D40-4F84-87F6-C0DEADD2CF0D}.Release|Any CPU.Build.0 = Release|Any CPU
		{8D7838D7-5D40-4F84-87F6-C0DEADD2CF0D}.Release|x64.ActiveCfg = Release|Any CPU
		{8D7838D7-5D40-4F84-87F6-C0DEADD2CF0D}.Release|x64.Build.0 = Release|Any CPU
		{8D7838D7-5D40-4F84-87F6-C0DEADD2CF0D}.Release|x86.ActiveCfg = Release|Any CPU
		{8D7838D7-5D40-4F84-87F6-C0DEADD2CF0D}.Release|x86.Build.0 = Release|Any CPU
		{F9AEE9CC-570A-43C5-88B7-806A354140BF}.Debug|Any CPU.ActiveCfg = Debug|Any CPU
		{F9AEE9CC-570A-43C5-88B7-806A354140BF}.Debug|Any CPU.Build.0 = Debug|Any CPU
		{F9AEE9CC-570A-43C5-88B7-806A354140BF}.Debug|x64.ActiveCfg = Debug|Any CPU
		{F9AEE9CC-570A-43C5-88B7-806A354140BF}.Debug|x64.Build.0 = Debug|Any CPU
		{F9AEE9CC-570A-43C5-88B7-806A354140BF}.Debug|x86.ActiveCfg = Debug|Any CPU
		{F9AEE9CC-570A-43C5-88B7-806A354140BF}.Debug|x86.Build.0 = Debug|Any CPU
		{F9AEE9CC-570A-43C5-88B7-806A354140BF}.Release|Any CPU.ActiveCfg = Release|Any CPU
		{F9AEE9CC-570A-43C5-88B7-806A354140BF}.Release|Any CPU.Build.0 = Release|Any CPU
		{F9AEE9CC-570A-43C5-88B7-806A354140BF}.Release|x64.ActiveCfg = Release|Any CPU
		{F9AEE9CC-570A-43C5-88B7-806A354140BF}.Release|x64.Build.0 = Release|Any CPU
		{F9AEE9CC-570A-43C5-88B7-806A354140BF}.Release|x86.ActiveCfg = Release|Any CPU
		{F9AEE9CC-570A-43C5-88B7-806A354140BF}.Release|x86.Build.0 = Release|Any CPU
		{27F80284-C1DE-4A54-931C-081F94F57D55}.Debug|Any CPU.ActiveCfg = Debug|Any CPU
		{27F80284-C1DE-4A54-931C-081F94F57D55}.Debug|Any CPU.Build.0 = Debug|Any CPU
		{27F80284-C1DE-4A54-931C-081F94F57D55}.Debug|x64.ActiveCfg = Debug|Any CPU
		{27F80284-C1DE-4A54-931C-081F94F57D55}.Debug|x64.Build.0 = Debug|Any CPU
		{27F80284-C1DE-4A54-931C-081F94F57D55}.Debug|x86.ActiveCfg = Debug|Any CPU
		{27F80284-C1DE-4A54-931C-081F94F57D55}.Debug|x86.Build.0 = Debug|Any CPU
		{27F80284-C1DE-4A54-931C-081F94F57D55}.Release|Any CPU.ActiveCfg = Release|Any CPU
		{27F80284-C1DE-4A54-931C-081F94F57D55}.Release|Any CPU.Build.0 = Release|Any CPU
		{27F80284-C1DE-4A54-931C-081F94F57D55}.Release|x64.ActiveCfg = Release|Any CPU
		{27F80284-C1DE-4A54-931C-081F94F57D55}.Release|x64.Build.0 = Release|Any CPU
		{27F80284-C1DE-4A54-931C-081F94F57D55}.Release|x86.ActiveCfg = Release|Any CPU
		{27F80284-C1DE-4A54-931C-081F94F57D55}.Release|x86.Build.0 = Release|Any CPU
	EndGlobalSection
	GlobalSection(SolutionProperties) = preSolution
		HideSolutionNode = FALSE
	EndGlobalSection
	GlobalSection(NestedProjects) = preSolution
		{822973F2-7138-B717-465B-BCE1756D40F4} = {827E0CD3-B72D-47B6-A68D-7590B98EB39B}
		{20A5A007-1DB9-4725-8FF9-63B973F9CD05} = {827E0CD3-B72D-47B6-A68D-7590B98EB39B}
		{8D7838D7-5D40-4F84-87F6-C0DEADD2CF0D} = {827E0CD3-B72D-47B6-A68D-7590B98EB39B}
		{F9AEE9CC-570A-43C5-88B7-806A354140BF} = {827E0CD3-B72D-47B6-A68D-7590B98EB39B}
		{27F80284-C1DE-4A54-931C-081F94F57D55} = {827E0CD3-B72D-47B6-A68D-7590B98EB39B}
	EndGlobalSection
	GlobalSection(ExtensibilityGlobals) = postSolution
		SolutionGuid = {7B763BA3-FDBF-4AE8-A7AE-3C638A2F94AC}
	EndGlobalSection
EndGlobal
