{
  "version": 1,
  "dependencies": {
    "net8.0": {
      "Google.Protobuf": {
        "type": "Direct",
        "requested": "[3.31.1, )",
        "resolved": "3.31.1",
        "contentHash": "gSnJbUmGiOTdWddPhqzrEscHq9Ls6sqRDPB9WptckyjTUyx70JOOAaDLkFff8gManZNN3hllQ4aQInnQyq/Z/A=="
      },
      "Grpc.Tools": {
        "type": "Direct",
        "requested": "[2.72.0, )",
        "resolved": "2.72.0",
        "contentHash": "BCiuQ03EYjLHCo9hqZmY5barsz5vvcz/+/ICt5wCbukaePHZmMPDGelKlkxWx3q+f5xOMNHa9zXQ2N6rQZ4B+w=="
      },
      "Microsoft.AspNetCore.OpenApi": {
        "type": "Direct",
        "requested": "[8.0.8, )",
        "resolved": "8.0.8",
        "contentHash": "wNHhohqP8rmsQ4UhKbd6jZMD6l+2Q/+DvRBT0Cgqeuglr13aF6sSJWicZKCIhZAUXzuhkdwtHVc95MlPlFk0dA==",
        "dependencies": {
          "Microsoft.OpenApi": "1.4.3"
        }
      },
      "Microsoft.Extensions.Http.Polly": {
        "type": "Direct",
        "requested": "[9.0.6, )",
        "resolved": "9.0.6",
        "contentHash": "eui0JinN+aOSMt6oeAGhSk+wAw5nJbeHt+JyOltn4+zjA7FhYDDLdsUW+Md3x18p+NxUdTwh7W/4EbB5RJ90Aw==",
        "dependencies": {
          "Microsoft.Extensions.Http": "9.0.6",
          "Polly": "7.2.4",
          "Polly.Extensions.Http": "3.0.0"
        }
      },
      "OpenTelemetry.Exporter.OpenTelemetryProtocol": {
        "type": "Direct",
        "requested": "[1.9.0, )",
        "resolved": "1.9.0",
        "contentHash": "qzFOP3V2eYIVbug3U4BJzzidHe9JhAJ42WZ/H8pUp/45Ry3MQQg/+e/ZieClJcxKnpbkXi7dUq1rpvuNp+yBYA==",
        "dependencies": {
          "Google.Protobuf": "[3.22.5, 4.0.0)",
          "Grpc.Net.Client": "[2.52.0, 3.0.0)",
          "Microsoft.Extensions.Configuration.Binder": "8.0.1",
          "OpenTelemetry": "1.9.0"
        }
      },
      "OpenTelemetry.Extensions.Hosting": {
        "type": "Direct",
        "requested": "[1.9.0, )",
        "resolved": "1.9.0",
        "contentHash": "QBQPrKDVCXxTBE+r8tgjmFNKKHi4sKyczmip2XGUcjy8kk3quUNhttnjiMqC4sU50Hemmn4i5752Co26pnKe3A==",
        "dependencies": {
          "Microsoft.Extensions.Hosting.Abstractions": "8.0.0",
          "OpenTelemetry": "1.9.0"
        }
      },
      "OpenTelemetry.Instrumentation.AspNetCore": {
        "type": "Direct",
        "requested": "[1.9.0, )",
        "resolved": "1.9.0",
        "contentHash": "x4HuWBw1rbWZUh5j8/GpXz3xa7JnrTuKne+ACmBqvcoO/rNGkG7HayRruwoQ7gf52xpMtRGr4gxlhLW8eU0EiQ==",
        "dependencies": {
          "OpenTelemetry.Api.ProviderBuilderExtensions": "[1.9.0, 2.0.0)"
        }
      },
      "OpenTelemetry.Instrumentation.Http": {
        "type": "Direct",
        "requested": "[1.9.0, )",
        "resolved": "1.9.0",
        "contentHash": "+ZXppf8Qxz3OdC803T8fB6i8iSscc8PsxMnM/JizSOYmkz+8vGiScEiaBBBFNZtMh2KpA0q+qxwnSwQUkbvzog==",
        "dependencies": {
          "Microsoft.Extensions.Configuration": "8.0.0",
          "Microsoft.Extensions.Options": "8.0.0",
          "OpenTelemetry.Api.ProviderBuilderExtensions": "[1.9.0, 2.0.0)"
        }
      },
      "Swashbuckle.AspNetCore": {
        "type": "Direct",
        "requested": "[6.4.0, )",
        "resolved": "6.4.0",
        "contentHash": "eUBr4TW0up6oKDA5Xwkul289uqSMgY0xGN4pnbOIBqCcN9VKGGaPvHX3vWaG/hvocfGDP+MGzMA0bBBKz2fkmQ==",
        "dependencies": {
          "Microsoft.Extensions.ApiDescription.Server": "6.0.5",
          "Swashbuckle.AspNetCore.Swagger": "6.4.0",
          "Swashbuckle.AspNetCore.SwaggerGen": "6.4.0",
          "Swashbuckle.AspNetCore.SwaggerUI": "6.4.0"
        }
      },
      "Grpc.Core.Api": {
        "type": "Transitive",
        "resolved": "2.52.0",
        "contentHash": "SQiPyBczG4vKPmI6Fd+O58GcxxDSFr6nfRAJuBDUNj+PgdokhjWJvZE/La1c09AkL2FVm/jrDloG89nkzmVF7A==",
        "dependencies": {
          "System.Memory": "4.5.3"
        }
      },
      "Grpc.Net.Client": {
        "type": "Transitive",
        "resolved": "2.52.0",
        "contentHash": "hWVH9g/Nnjz40ni//2S8UIOyEmhueQREoZIkD0zKHEPqLxXcNlbp4eebXIOicZtkwDSx0TFz9NpkbecEDn6rBw==",
        "dependencies": {
          "Grpc.Net.Common": "2.52.0",
          "Microsoft.Extensions.Logging.Abstractions": "3.0.3"
        }
      },
      "Grpc.Net.Common": {
        "type": "Transitive",
        "resolved": "2.52.0",
        "contentHash": "di9qzpdx525IxumZdYmu6sG2y/gXJyYeZ1ruFUzB9BJ1nj4kU1/dTAioNCMt1VLRvNVDqh8S8B1oBdKhHJ4xRg==",
        "dependencies": {
          "Grpc.Core.Api": "2.52.0"
        }
      },
      "Microsoft.Extensions.ApiDescription.Server": {
        "type": "Transitive",
        "resolved": "6.0.5",
        "contentHash": "Ckb5EDBUNJdFWyajfXzUIMRkhf52fHZOQuuZg/oiu8y7zDCVwD0iHhew6MnThjHmevanpxL3f5ci2TtHQEN6bw=="
      },
      "Microsoft.Extensions.Configuration": {
        "type": "Transitive",
        "resolved": "9.0.6",
        "contentHash": "VWB5jdkxHsRiuoniTqwOL32R4OWyp5If/bAucLjRJczRVNcwb8iCXKLjn3Inv8fv+jHMVMnvQLg7xhSys+y5PA==",
        "dependencies": {
          "Microsoft.Extensions.Configuration.Abstractions": "9.0.6",
          "Microsoft.Extensions.Primitives": "9.0.6"
        }
      },
      "Microsoft.Extensions.Configuration.Abstractions": {
        "type": "Transitive",
        "resolved": "9.0.6",
        "contentHash": "3GgMIi2jP8g1fBW93Z9b9Unamc0SIsgyhiCmC91gq4loTixK9vQMuxxUsfJ1kRGwn+/FqLKwOHqmn0oYWn3Fvw==",
        "dependencies": {
          "Microsoft.Extensions.Primitives": "9.0.6"
        }
      },
      "Microsoft.Extensions.Configuration.Binder": {
        "type": "Transitive",
        "resolved": "9.0.6",
        "contentHash": "Opl/7SIrwDy9WjHn/vU2thQ8CUtrIWHLr+89I7/0VYNEJQvpL24zvqYrh83cH38RzNKHji0WGVkCVP6HJChVVw==",
        "dependencies": {
          "Microsoft.Extensions.Configuration.Abstractions": "9.0.6"
        }
      },
      "Microsoft.Extensions.DependencyInjection": {
        "type": "Transitive",
        "resolved": "9.0.6",
        "contentHash": "vS65HMo5RS10DD543fknsyVDxihMcVxVn3/hNaILgBxWYnOLxWIeCIO9X0QFuCvPRNjClvXe9Aj8KaQNx7vFkQ==",
        "dependencies": {
          "Microsoft.Extensions.DependencyInjection.Abstractions": "9.0.6"
        }
      },
      "Microsoft.Extensions.DependencyInjection.Abstractions": {
        "type": "Transitive",
        "resolved": "9.0.6",
        "contentHash": "0Zn6nR/6g+90MxskZyOOMPQvnPnrrGu6bytPwkV+azDcTtCSuQ1+GJUrg8Klmnrjk1i6zMpw2lXijl+tw7Q3kA=="
      },
      "Microsoft.Extensions.Diagnostics": {
        "type": "Transitive",
        "resolved": "9.0.6",
        "contentHash": "mIqCzZseDK9SqTRy4LxtjLwjlUu6aH5UdA6j0vgVER14yki9oRqLF+SmBiF6OlwsBSeL6dMQ8dmq02JMeE2puQ==",
        "dependencies": {
          "Microsoft.Extensions.Configuration": "9.0.6",
          "Microsoft.Extensions.Diagnostics.Abstractions": "9.0.6",
          "Microsoft.Extensions.Options.ConfigurationExtensions": "9.0.6"
        }
      },
      "Microsoft.Extensions.Diagnostics.Abstractions": {
        "type": "Transitive",
        "resolved": "9.0.6",
        "contentHash": "GIoXX7VDcTEsNM6yvffTBaOwnPQELGI5dzExR7L2O7AUkDsHBYIZawUbuwfq3cYzz8dIAAJotQYJMzH7qy27Ng==",
        "dependencies": {
          "Microsoft.Extensions.DependencyInjection.Abstractions": "9.0.6",
          "Microsoft.Extensions.Options": "9.0.6",
          "System.Diagnostics.DiagnosticSource": "9.0.6"
        }
      },
      "Microsoft.Extensions.FileProviders.Abstractions": {
        "type": "Transitive",
        "resolved": "8.0.0",
        "contentHash": "ZbaMlhJlpisjuWbvXr4LdAst/1XxH3vZ6A0BsgTphZ2L4PGuxRLz7Jr/S7mkAAnOn78Vu0fKhEgNF5JO3zfjqQ==",
        "dependencies": {
          "Microsoft.Extensions.Primitives": "8.0.0"
        }
      },
      "Microsoft.Extensions.Hosting.Abstractions": {
        "type": "Transitive",
        "resolved": "8.0.0",
        "contentHash": "AG7HWwVRdCHlaA++1oKDxLsXIBxmDpMPb3VoyOoAghEWnkUvEAdYQUwnV4jJbAaa/nMYNiEh5ByoLauZBEiovg==",
        "dependencies": {
          "Microsoft.Extensions.Configuration.Abstractions": "8.0.0",
          "Microsoft.Extensions.DependencyInjection.Abstractions": "8.0.0",
          "Microsoft.Extensions.Diagnostics.Abstractions": "8.0.0",
          "Microsoft.Extensions.FileProviders.Abstractions": "8.0.0",
          "Microsoft.Extensions.Logging.Abstractions": "8.0.0"
        }
      },
      "Microsoft.Extensions.Http": {
        "type": "Transitive",
        "resolved": "9.0.6",
        "contentHash": "YoCEkjHHeeKsOzaJaGKuwsi1Ijckkm/+bv5RXmsKA0/qW4veY0eh5lVtkOXxkqQbVRuK3sObhxRM0UeuF6yAgA==",
        "dependencies": {
          "Microsoft.Extensions.Configuration.Abstractions": "9.0.6",
          "Microsoft.Extensions.DependencyInjection.Abstractions": "9.0.6",
          "Microsoft.Extensions.Diagnostics": "9.0.6",
          "Microsoft.Extensions.Logging": "9.0.6",
          "Microsoft.Extensions.Logging.Abstractions": "9.0.6",
          "Microsoft.Extensions.Options": "9.0.6"
        }
      },
      "Microsoft.Extensions.Logging": {
        "type": "Transitive",
        "resolved": "9.0.6",
        "contentHash": "XBzjitTFaQhF8EbJ645vblZezV1p52ePTxKHoVkRidHF11Xkjxg94qr0Rvp2qyxK2vBJ4OIZ41NB15YUyxTGMQ==",
        "dependencies": {
          "Microsoft.Extensions.DependencyInjection": "9.0.6",
          "Microsoft.Extensions.Logging.Abstractions": "9.0.6",
          "Microsoft.Extensions.Options": "9.0.6"
        }
      },
      "Microsoft.Extensions.Logging.Abstractions": {
        "type": "Transitive",
        "resolved": "9.0.6",
        "contentHash": "LFnyBNK7WtFmKdnHu3v0HOYQ8BcjYuy0jdC9pgCJ/rbLKoJEG9/dBzSKMEeeWDbDeoWS0TIxOC8a9CM5ufca3A==",
        "dependencies": {
          "Microsoft.Extensions.DependencyInjection.Abstractions": "9.0.6",
          "System.Diagnostics.DiagnosticSource": "9.0.6"
        }
      },
      "Microsoft.Extensions.Logging.Configuration": {
        "type": "Transitive",
        "resolved": "8.0.0",
        "contentHash": "ixXXV0G/12g6MXK65TLngYN9V5hQQRuV+fZi882WIoVJT7h5JvoYoxTEwCgdqwLjSneqh1O+66gM8sMr9z/rsQ==",
        "dependencies": {
          "Microsoft.Extensions.Configuration": "8.0.0",
          "Microsoft.Extensions.Configuration.Abstractions": "8.0.0",
          "Microsoft.Extensions.Configuration.Binder": "8.0.0",
          "Microsoft.Extensions.DependencyInjection.Abstractions": "8.0.0",
          "Microsoft.Extensions.Logging": "8.0.0",
          "Microsoft.Extensions.Logging.Abstractions": "8.0.0",
          "Microsoft.Extensions.Options": "8.0.0",
          "Microsoft.Extensions.Options.ConfigurationExtensions": "8.0.0"
        }
      },
      "Microsoft.Extensions.Options": {
        "type": "Transitive",
        "resolved": "9.0.6",
        "contentHash": "wUPhNM1zsI58Dy10xRdF2+pnsisiUuETg5ZBncyAEEUm/CQ9Q1vmivyUWH8RDbAlqyixf2dJNQ2XZb7HsKUEQw==",
        "dependencies": {
          "Microsoft.Extensions.DependencyInjection.Abstractions": "9.0.6",
          "Microsoft.Extensions.Primitives": "9.0.6"
        }
      },
      "Microsoft.Extensions.Options.ConfigurationExtensions": {
        "type": "Transitive",
        "resolved": "9.0.6",
        "contentHash": "2lnp8nrvfzyp+5zvfeULm/hkZsDsKkl2ziBt5T8EZKoON5q+XRpRLoWcSPo8mP7GNZXpxKMBVjFNIZNbBIcnRw==",
        "dependencies": {
          "Microsoft.Extensions.Configuration.Abstractions": "9.0.6",
          "Microsoft.Extensions.Configuration.Binder": "9.0.6",
          "Microsoft.Extensions.DependencyInjection.Abstractions": "9.0.6",
          "Microsoft.Extensions.Options": "9.0.6",
          "Microsoft.Extensions.Primitives": "9.0.6"
        }
      },
      "Microsoft.Extensions.Primitives": {
        "type": "Transitive",
        "resolved": "9.0.6",
        "contentHash": "BHniU24QV67qp1pJknqYSofAPYGmijGI8D+ci9yfw33iuFdyOeB9lWTg78ThyYLyQwZw3s0vZ36VMb0MqbUuLw=="
      },
      "Microsoft.OpenApi": {
        "type": "Transitive",
        "resolved": "1.4.3",
        "contentHash": "rURwggB+QZYcSVbDr7HSdhw/FELvMlriW10OeOzjPT7pstefMo7IThhtNtDudxbXhW+lj0NfX72Ka5EDsG8x6w=="
      },
      "OpenTelemetry": {
        "type": "Transitive",
        "resolved": "1.9.0",
        "contentHash": "7scS6BUhwYeSXEDGhCxMSezmvyCoDU5kFQbmfyW9iVvVTcWhec+1KIN33/LOCdBXRkzt2y7+g03mkdAB0XZ9Fw==",
        "dependencies": {
          "Microsoft.Extensions.Diagnostics.Abstractions": "8.0.0",
          "Microsoft.Extensions.Logging.Configuration": "8.0.0",
          "OpenTelemetry.Api.ProviderBuilderExtensions": "1.9.0"
        }
      },
      "OpenTelemetry.Api": {
        "type": "Transitive",
        "resolved": "1.9.0",
        "contentHash": "Xz8ZvM1Lm0m7BbtGBnw2JlPo++YKyMp08zMK5p0mf+cIi5jeMt2+QsYu9X6YEAbjCxBQYwEak5Z8sY6Ig2WcwQ==",
        "dependencies": {
          "System.Diagnostics.DiagnosticSource": "8.0.0"
        }
      },
      "OpenTelemetry.Api.ProviderBuilderExtensions": {
        "type": "Transitive",
        "resolved": "1.9.0",
        "contentHash": "L0D4LBR5JFmwLun5MCWVGapsJLV0ANZ+XXu9NEI3JE/HRKkRuUO+J2MuHD5DBwiU//QMYYM4B22oev1hVLoHDQ==",
        "dependencies": {
          "Microsoft.Extensions.DependencyInjection.Abstractions": "8.0.0",
          "OpenTelemetry.Api": "1.9.0"
        }
      },
      "Polly": {
        "type": "Transitive",
        "resolved": "7.2.4",
        "contentHash": "bw00Ck5sh6ekduDE3mnCo1ohzuad946uslCDEENu3091+6UKnBuKLo4e+yaNcCzXxOZCXWY2gV4a35+K1d4LDA=="
      },
      "Polly.Extensions.Http": {
        "type": "Transitive",
        "resolved": "3.0.0",
        "contentHash": "drrG+hB3pYFY7w1c3BD+lSGYvH2oIclH8GRSehgfyP5kjnFnHKQuuBhuHLv+PWyFuaTDyk/vfRpnxOzd11+J8g==",
        "dependencies": {
          "Polly": "7.1.0"
        }
      },
      "Swashbuckle.AspNetCore.Swagger": {
        "type": "Transitive",
        "resolved": "6.4.0",
        "contentHash": "nl4SBgGM+cmthUcpwO/w1lUjevdDHAqRvfUoe4Xp/Uvuzt9mzGUwyFCqa3ODBAcZYBiFoKvrYwz0rabslJvSmQ==",
        "dependencies": {
          "Microsoft.OpenApi": "1.2.3"
        }
      },
      "Swashbuckle.AspNetCore.SwaggerGen": {
        "type": "Transitive",
        "resolved": "6.4.0",
        "contentHash": "lXhcUBVqKrPFAQF7e/ZeDfb5PMgE8n5t6L5B6/BQSpiwxgHzmBcx8Msu42zLYFTvR5PIqE9Q9lZvSQAcwCxJjw==",
        "dependencies": {
          "Swashbuckle.AspNetCore.Swagger": "6.4.0"
        }
      },
      "Swashbuckle.AspNetCore.SwaggerUI": {
        "type": "Transitive",
        "resolved": "6.4.0",
        "contentHash": "1Hh3atb3pi8c+v7n4/3N80Jj8RvLOXgWxzix6w3OZhB7zBGRwsy7FWr4e3hwgPweSBpwfElqj4V4nkjYabH9nQ=="
      },
      "System.Diagnostics.DiagnosticSource": {
        "type": "Transitive",
        "resolved": "9.0.6",
        "contentHash": "nikkwAKqpwWUvV5J8S9fnOPYg8k75Lf9fAI4bd6pyhyqNma0Py9kt+zcqXbe4TjJ4sTPcdYpPg81shYTrXnUZQ=="
      },
      "System.Memory": {
        "type": "Transitive",
        "resolved": "4.5.3",
        "contentHash": "3oDzvc/zzetpTKWMShs1AADwZjQ/36HnsufHRPcOjyRAAMLDlu2iD33MBI2opxnezcVUtXyqDXXjoFMOU9c7SA=="
      }
    }
  }
}